
Microsoft Visual Studio Solution File, Format Version 12.00
# Visual Studio Version 17
VisualStudioVersion = 17.4.33213.308
MinimumVisualStudioVersion = 10.0.40219.1
Project("{00D1A9C2-B5F0-4AF3-8072-F6C62B433612}") = "otus-mssql-gerasimenko", "otus-mssql-gerasimenko\otus-mssql-gerasimenko.sqlproj", "{46A18251-0707-4CD5-BDE5-6564FB88D757}"
EndProject
Global
	GlobalSection(SolutionConfigurationPlatforms) = preSolution
		Debug|Any CPU = Debug|Any CPU
		Release|Any CPU = Release|Any CPU
	EndGlobalSection
	GlobalSection(ProjectConfigurationPlatforms) = postSolution
		{46A18251-0707-4CD5-BDE5-6564FB88D757}.Debug|Any CPU.ActiveCfg = Debug|Any CPU
		{46A18251-0707-4CD5-BDE5-6564FB88D757}.Debug|Any CPU.Build.0 = Debug|Any CPU
		{46A18251-0707-4CD5-BDE5-6564FB88D757}.Debug|Any CPU.Deploy.0 = Debug|Any CPU
		{46A18251-0707-4CD5-BDE5-6564FB88D757}.Release|Any CPU.ActiveCfg = Release|Any CPU
		{46A18251-0707-4CD5-BDE5-6564FB88D757}.Release|Any CPU.Build.0 = Release|Any CPU
		{46A18251-0707-4CD5-BDE5-6564FB88D757}.Release|Any CPU.Deploy.0 = Release|Any CPU
	EndGlobalSection
	GlobalSection(SolutionProperties) = preSolution
		HideSolutionNode = FALSE
	EndGlobalSection
	GlobalSection(ExtensibilityGlobals) = postSolution
		SolutionGuid = {E4EE8F3C-5D64-4A2F-B8D7-0BF8E429D11B}
	EndGlobalSection
EndGlobal
